
Microsoft Visual Studio Solution File, Format Version 12.00
# Visual Studio Version 16
VisualStudioVersion = 16.0.30204.135
MinimumVisualStudioVersion = 10.0.40219.1
Project("{FAE04EC0-301F-11D3-BF4B-00C04F79EFBC}") = "MyVSTGIT1", "MyVSTGIT1\MyVSTGIT1.csproj", "{0B951386-62C7-4EC9-BD1D-C4E82AA9A7D6}"
EndProject
Global
	GlobalSection(SolutionConfigurationPlatforms) = preSolution
		Debug|Any CPU = Debug|Any CPU
		Release|Any CPU = Release|Any CPU
	EndGlobalSection
	GlobalSection(ProjectConfigurationPlatforms) = postSolution
		{0B951386-62C7-4EC9-BD1D-C4E82AA9A7D6}.Debug|Any CPU.ActiveCfg = Debug|Any CPU
		{0B951386-62C7-4EC9-BD1D-C4E82AA9A7D6}.Debug|Any CPU.Build.0 = Debug|Any CPU
		{0B951386-62C7-4EC9-BD1D-C4E82AA9A7D6}.Release|Any CPU.ActiveCfg = Release|Any CPU
		{0B951386-62C7-4EC9-BD1D-C4E82AA9A7D6}.Release|Any CPU.Build.0 = Release|Any CPU
	EndGlobalSection
	GlobalSection(SolutionProperties) = preSolution
		HideSolutionNode = FALSE
	EndGlobalSection
	GlobalSection(ExtensibilityGlobals) = postSolution
		SolutionGuid = {A81FB650-9967-48B9-A401-D03B6842DDCD}
	EndGlobalSection
EndGlobal
